
Microsoft Visual Studio Solution File, Format Version 12.00
# Visual Studio 15
VisualStudioVersion = 15.0.27428.2011
MinimumVisualStudioVersion = 10.0.40219.1
Project("{8BC9CEB8-8B4A-11D0-8D11-00A0C91BC942}") = "Macro_Assembler", "Macro_Assembler\Macro_Assembler.vcxproj", "{4BC20FD4-31E6-40E1-95F6-0D780BE9260D}"
EndProject
Global
	GlobalSection(SolutionConfigurationPlatforms) = preSolution
		Debug|x64 = Debug|x64
		Debug|x86 = Debug|x86
		Release|x64 = Release|x64
		Release|x86 = Release|x86
	EndGlobalSection
	GlobalSection(ProjectConfigurationPlatforms) = postSolution
		{4BC20FD4-31E6-40E1-95F6-0D780BE9260D}.Debug|x64.ActiveCfg = Debug|x64
		{4BC20FD4-31E6-40E1-95F6-0D780BE9260D}.Debug|x64.Build.0 = Debug|x64
		{4BC20FD4-31E6-40E1-95F6-0D780BE9260D}.Debug|x86.ActiveCfg = Debug|Win32
		{4BC20FD4-31E6-40E1-95F6-0D780BE9260D}.Debug|x86.Build.0 = Debug|Win32
		{4BC20FD4-31E6-40E1-95F6-0D780BE9260D}.Release|x64.ActiveCfg = Release|x64
		{4BC20FD4-31E6-40E1-95F6-0D780BE9260D}.Release|x64.Build.0 = Release|x64
		{4BC20FD4-31E6-40E1-95F6-0D780BE9260D}.Release|x86.ActiveCfg = Release|Win32
		{4BC20FD4-31E6-40E1-95F6-0D780BE9260D}.Release|x86.Build.0 = Release|Win32
	EndGlobalSection
	GlobalSection(SolutionProperties) = preSolution
		HideSolutionNode = FALSE
	EndGlobalSection
	GlobalSection(ExtensibilityGlobals) = postSolution
		SolutionGuid = {2CE7C369-0FAE-4828-9D19-B330908FEB34}
	EndGlobalSection
EndGlobal
